// !$*UTF8*$!
{
	archiveVersion = 1;
	classes = {
	};
	objectVersion = 46;
	objects = {

/* Begin PBXBuildFile section */
		34F4A917DACF1F83AB9C1883 /* libPods-OnTheMap.a in Frameworks */ = {isa = PBXBuildFile; fileRef = 919F6FCF2EEAB4B94AA6287A /* libPods-OnTheMap.a */; };
		B326E99F1BAE50AD007F8F0F /* AddLocationViewController.swift in Sources */ = {isa = PBXBuildFile; fileRef = B326E99E1BAE50AD007F8F0F /* AddLocationViewController.swift */; };
		B329354D1BA6451200FA1A7C /* StudentMethods.swift in Sources */ = {isa = PBXBuildFile; fileRef = B329354C1BA6451200FA1A7C /* StudentMethods.swift */; };
		B34F3E1B1BA4FE7C004B3668 /* ParseMethods.swift in Sources */ = {isa = PBXBuildFile; fileRef = B34F3E1A1BA4FE7C004B3668 /* ParseMethods.swift */; };
		B3B3B9331BA5F14D004673AF /* LoginViewController.swift in Sources */ = {isa = PBXBuildFile; fileRef = B3B3B9321BA5F14D004673AF /* LoginViewController.swift */; };
		B3C943411BA4B126001D42CF /* Client.swift in Sources */ = {isa = PBXBuildFile; fileRef = B3C943381BA4B126001D42CF /* Client.swift */; };
		B3C943421BA4B126001D42CF /* ParseClient.swift in Sources */ = {isa = PBXBuildFile; fileRef = B3C9433A1BA4B126001D42CF /* ParseClient.swift */; };
		B3C943431BA4B126001D42CF /* UdacityClient.swift in Sources */ = {isa = PBXBuildFile; fileRef = B3C9433C1BA4B126001D42CF /* UdacityClient.swift */; };
		B3C943441BA4B126001D42CF /* UdacityMethods.swift in Sources */ = {isa = PBXBuildFile; fileRef = B3C9433D1BA4B126001D42CF /* UdacityMethods.swift */; };
		B3C943451BA4B126001D42CF /* Student.swift in Sources */ = {isa = PBXBuildFile; fileRef = B3C9433F1BA4B126001D42CF /* Student.swift */; };
		B3C943461BA4B126001D42CF /* StudentLocation.swift in Sources */ = {isa = PBXBuildFile; fileRef = B3C943401BA4B126001D42CF /* StudentLocation.swift */; };
		B3D169A81BB135C200359C0F /* StudentLocationStore.swift in Sources */ = {isa = PBXBuildFile; fileRef = B3D169A71BB135C200359C0F /* StudentLocationStore.swift */; };
		B3DEBC4D1BA4AE9E00CB924B /* AppDelegate.swift in Sources */ = {isa = PBXBuildFile; fileRef = B3DEBC4C1BA4AE9E00CB924B /* AppDelegate.swift */; };
		B3DEBC4F1BA4AE9E00CB924B /* MapViewController.swift in Sources */ = {isa = PBXBuildFile; fileRef = B3DEBC4E1BA4AE9E00CB924B /* MapViewController.swift */; };
		B3DEBC511BA4AE9E00CB924B /* TableViewController.swift in Sources */ = {isa = PBXBuildFile; fileRef = B3DEBC501BA4AE9E00CB924B /* TableViewController.swift */; };
		B3DEBC541BA4AE9E00CB924B /* Main.storyboard in Resources */ = {isa = PBXBuildFile; fileRef = B3DEBC521BA4AE9E00CB924B /* Main.storyboard */; };
		B3DEBC561BA4AE9E00CB924B /* Images.xcassets in Resources */ = {isa = PBXBuildFile; fileRef = B3DEBC551BA4AE9E00CB924B /* Images.xcassets */; };
		B3DEBC591BA4AE9E00CB924B /* LaunchScreen.xib in Resources */ = {isa = PBXBuildFile; fileRef = B3DEBC571BA4AE9E00CB924B /* LaunchScreen.xib */; };
		B3DEBC651BA4AE9E00CB924B /* OnTheMapTests.swift in Sources */ = {isa = PBXBuildFile; fileRef = B3DEBC641BA4AE9E00CB924B /* OnTheMapTests.swift */; };
/* End PBXBuildFile section */

/* Begin PBXContainerItemProxy section */
		B3DEBC5F1BA4AE9E00CB924B /* PBXContainerItemProxy */ = {
			isa = PBXContainerItemProxy;
			containerPortal = B3DEBC3F1BA4AE9E00CB924B /* Project object */;
			proxyType = 1;
			remoteGlobalIDString = B3DEBC461BA4AE9E00CB924B;
			remoteInfo = OnTheMap;
		};
/* End PBXContainerItemProxy section */

/* Begin PBXFileReference section */
		1BC67F55DDE7C22DB3116DEE /* Pods-OnTheMap.debug.xcconfig */ = {isa = PBXFileReference; includeInIndex = 1; lastKnownFileType = text.xcconfig; name = "Pods-OnTheMap.debug.xcconfig"; path = "Pods/Target Support Files/Pods-OnTheMap/Pods-OnTheMap.debug.xcconfig"; sourceTree = "<group>"; };
		5F34FF16B4BCA2BB57A36554 /* Pods-OnTheMap.release.xcconfig */ = {isa = PBXFileReference; includeInIndex = 1; lastKnownFileType = text.xcconfig; name = "Pods-OnTheMap.release.xcconfig"; path = "Pods/Target Support Files/Pods-OnTheMap/Pods-OnTheMap.release.xcconfig"; sourceTree = "<group>"; };
		919F6FCF2EEAB4B94AA6287A /* libPods-OnTheMap.a */ = {isa = PBXFileReference; explicitFileType = archive.ar; includeInIndex = 0; path = "libPods-OnTheMap.a"; sourceTree = BUILT_PRODUCTS_DIR; };
		B30A7E701BA603910091D27D /* OnTheMap-Bridging-Header.h */ = {isa = PBXFileReference; lastKnownFileType = sourcecode.c.h; path = "OnTheMap-Bridging-Header.h"; sourceTree = "<group>"; };
		B326E99E1BAE50AD007F8F0F /* AddLocationViewController.swift */ = {isa = PBXFileReference; fileEncoding = 4; lastKnownFileType = sourcecode.swift; path = AddLocationViewController.swift; sourceTree = "<group>"; };
		B329354C1BA6451200FA1A7C /* StudentMethods.swift */ = {isa = PBXFileReference; fileEncoding = 4; lastKnownFileType = sourcecode.swift; path = StudentMethods.swift; sourceTree = "<group>"; };
		B34F3E1A1BA4FE7C004B3668 /* ParseMethods.swift */ = {isa = PBXFileReference; fileEncoding = 4; lastKnownFileType = sourcecode.swift; path = ParseMethods.swift; sourceTree = "<group>"; };
		B3B3B9321BA5F14D004673AF /* LoginViewController.swift */ = {isa = PBXFileReference; fileEncoding = 4; lastKnownFileType = sourcecode.swift; path = LoginViewController.swift; sourceTree = "<group>"; };
		B3C943381BA4B126001D42CF /* Client.swift */ = {isa = PBXFileReference; fileEncoding = 4; lastKnownFileType = sourcecode.swift; path = Client.swift; sourceTree = "<group>"; };
		B3C9433A1BA4B126001D42CF /* ParseClient.swift */ = {isa = PBXFileReference; fileEncoding = 4; lastKnownFileType = sourcecode.swift; path = ParseClient.swift; sourceTree = "<group>"; };
		B3C9433C1BA4B126001D42CF /* UdacityClient.swift */ = {isa = PBXFileReference; fileEncoding = 4; lastKnownFileType = sourcecode.swift; path = UdacityClient.swift; sourceTree = "<group>"; };
		B3C9433D1BA4B126001D42CF /* UdacityMethods.swift */ = {isa = PBXFileReference; fileEncoding = 4; lastKnownFileType = sourcecode.swift; path = UdacityMethods.swift; sourceTree = "<group>"; };
		B3C9433F1BA4B126001D42CF /* Student.swift */ = {isa = PBXFileReference; fileEncoding = 4; lastKnownFileType = sourcecode.swift; path = Student.swift; sourceTree = "<group>"; };
		B3C943401BA4B126001D42CF /* StudentLocation.swift */ = {isa = PBXFileReference; fileEncoding = 4; lastKnownFileType = sourcecode.swift; path = StudentLocation.swift; sourceTree = "<group>"; };
		B3D169A71BB135C200359C0F /* StudentLocationStore.swift */ = {isa = PBXFileReference; fileEncoding = 4; lastKnownFileType = sourcecode.swift; name = StudentLocationStore.swift; path = Stores/StudentLocationStore.swift; sourceTree = "<group>"; };
		B3DEBC471BA4AE9E00CB924B /* OnTheMap.app */ = {isa = PBXFileReference; explicitFileType = wrapper.application; includeInIndex = 0; path = OnTheMap.app; sourceTree = BUILT_PRODUCTS_DIR; };
		B3DEBC4B1BA4AE9E00CB924B /* Info.plist */ = {isa = PBXFileReference; lastKnownFileType = text.plist.xml; path = Info.plist; sourceTree = "<group>"; };
		B3DEBC4C1BA4AE9E00CB924B /* AppDelegate.swift */ = {isa = PBXFileReference; lastKnownFileType = sourcecode.swift; path = AppDelegate.swift; sourceTree = "<group>"; };
		B3DEBC4E1BA4AE9E00CB924B /* MapViewController.swift */ = {isa = PBXFileReference; lastKnownFileType = sourcecode.swift; path = MapViewController.swift; sourceTree = "<group>"; };
		B3DEBC501BA4AE9E00CB924B /* TableViewController.swift */ = {isa = PBXFileReference; lastKnownFileType = sourcecode.swift; path = TableViewController.swift; sourceTree = "<group>"; };
		B3DEBC531BA4AE9E00CB924B /* Base */ = {isa = PBXFileReference; lastKnownFileType = file.storyboard; name = Base; path = Base.lproj/Main.storyboard; sourceTree = "<group>"; };
		B3DEBC551BA4AE9E00CB924B /* Images.xcassets */ = {isa = PBXFileReference; lastKnownFileType = folder.assetcatalog; path = Images.xcassets; sourceTree = "<group>"; };
		B3DEBC581BA4AE9E00CB924B /* Base */ = {isa = PBXFileReference; lastKnownFileType = file.xib; name = Base; path = Base.lproj/LaunchScreen.xib; sourceTree = "<group>"; };
		B3DEBC5E1BA4AE9E00CB924B /* OnTheMapTests.xctest */ = {isa = PBXFileReference; explicitFileType = wrapper.cfbundle; includeInIndex = 0; path = OnTheMapTests.xctest; sourceTree = BUILT_PRODUCTS_DIR; };
		B3DEBC631BA4AE9E00CB924B /* Info.plist */ = {isa = PBXFileReference; lastKnownFileType = text.plist.xml; path = Info.plist; sourceTree = "<group>"; };
		B3DEBC641BA4AE9E00CB924B /* OnTheMapTests.swift */ = {isa = PBXFileReference; lastKnownFileType = sourcecode.swift; path = OnTheMapTests.swift; sourceTree = "<group>"; };
/* End PBXFileReference section */

/* Begin PBXFrameworksBuildPhase section */
		B3DEBC441BA4AE9E00CB924B /* Frameworks */ = {
			isa = PBXFrameworksBuildPhase;
			buildActionMask = 2147483647;
			files = (
				34F4A917DACF1F83AB9C1883 /* libPods-OnTheMap.a in Frameworks */,
			);
			runOnlyForDeploymentPostprocessing = 0;
		};
		B3DEBC5B1BA4AE9E00CB924B /* Frameworks */ = {
			isa = PBXFrameworksBuildPhase;
			buildActionMask = 2147483647;
			files = (
			);
			runOnlyForDeploymentPostprocessing = 0;
		};
/* End PBXFrameworksBuildPhase section */

/* Begin PBXGroup section */
		2BC91A3706BA49AA422701D0 /* Frameworks */ = {
			isa = PBXGroup;
			children = (
				919F6FCF2EEAB4B94AA6287A /* libPods-OnTheMap.a */,
			);
			name = Frameworks;
			sourceTree = "<group>";
		};
		5577586887674C43FFC29680 /* Pods */ = {
			isa = PBXGroup;
			children = (
				1BC67F55DDE7C22DB3116DEE /* Pods-OnTheMap.debug.xcconfig */,
				5F34FF16B4BCA2BB57A36554 /* Pods-OnTheMap.release.xcconfig */,
			);
			name = Pods;
			sourceTree = "<group>";
		};
		B3B3B9311BA5F12A004673AF /* Controllers */ = {
			isa = PBXGroup;
			children = (
				B3B3B9321BA5F14D004673AF /* LoginViewController.swift */,
				B3DEBC4E1BA4AE9E00CB924B /* MapViewController.swift */,
				B3DEBC501BA4AE9E00CB924B /* TableViewController.swift */,
				B326E99E1BAE50AD007F8F0F /* AddLocationViewController.swift */,
			);
			path = Controllers;
			sourceTree = "<group>";
		};
		B3C943371BA4B126001D42CF /* Clients */ = {
			isa = PBXGroup;
			children = (
				B3C943391BA4B126001D42CF /* Parse */,
				B3C9433B1BA4B126001D42CF /* Udacity */,
				B3C943381BA4B126001D42CF /* Client.swift */,
			);
			path = Clients;
			sourceTree = "<group>";
		};
		B3C943391BA4B126001D42CF /* Parse */ = {
			isa = PBXGroup;
			children = (
				B3C9433A1BA4B126001D42CF /* ParseClient.swift */,
				B34F3E1A1BA4FE7C004B3668 /* ParseMethods.swift */,
			);
			path = Parse;
			sourceTree = "<group>";
		};
		B3C9433B1BA4B126001D42CF /* Udacity */ = {
			isa = PBXGroup;
			children = (
				B3C9433C1BA4B126001D42CF /* UdacityClient.swift */,
				B3C9433D1BA4B126001D42CF /* UdacityMethods.swift */,
			);
			path = Udacity;
			sourceTree = "<group>";
		};
		B3C9433E1BA4B126001D42CF /* Models */ = {
			isa = PBXGroup;
			children = (
				B3C9433F1BA4B126001D42CF /* Student.swift */,
				B3C943401BA4B126001D42CF /* StudentLocation.swift */,
				B329354C1BA6451200FA1A7C /* StudentMethods.swift */,
			);
			path = Models;
			sourceTree = "<group>";
		};
		B3D169A61BB135AE00359C0F /* Stores */ = {
			isa = PBXGroup;
			children = (
				B3D169A71BB135C200359C0F /* StudentLocationStore.swift */,
			);
			name = Stores;
			sourceTree = "<group>";
		};
		B3DEBC3E1BA4AE9E00CB924B = {
			isa = PBXGroup;
			children = (
				2BC91A3706BA49AA422701D0 /* Frameworks */,
				B3DEBC491BA4AE9E00CB924B /* OnTheMap */,
				B3DEBC611BA4AE9E00CB924B /* OnTheMapTests */,
				5577586887674C43FFC29680 /* Pods */,
				B3DEBC481BA4AE9E00CB924B /* Products */,
			);
			sourceTree = "<group>";
		};
		B3DEBC481BA4AE9E00CB924B /* Products */ = {
			isa = PBXGroup;
			children = (
				B3DEBC471BA4AE9E00CB924B /* OnTheMap.app */,
				B3DEBC5E1BA4AE9E00CB924B /* OnTheMapTests.xctest */,
			);
			name = Products;
			sourceTree = "<group>";
		};
		B3DEBC491BA4AE9E00CB924B /* OnTheMap */ = {
			isa = PBXGroup;
			children = (
				B3D169A61BB135AE00359C0F /* Stores */,
				B3C943371BA4B126001D42CF /* Clients */,
				B3B3B9311BA5F12A004673AF /* Controllers */,
				B3C9433E1BA4B126001D42CF /* Models */,
				B3DEBC4A1BA4AE9E00CB924B /* Supporting Files */,
				B3DEBC4C1BA4AE9E00CB924B /* AppDelegate.swift */,
				B3DEBC551BA4AE9E00CB924B /* Images.xcassets */,
				B3DEBC571BA4AE9E00CB924B /* LaunchScreen.xib */,
				B3DEBC521BA4AE9E00CB924B /* Main.storyboard */,
			);
			path = OnTheMap;
			sourceTree = "<group>";
		};
		B3DEBC4A1BA4AE9E00CB924B /* Supporting Files */ = {
			isa = PBXGroup;
			children = (
				B3DEBC4B1BA4AE9E00CB924B /* Info.plist */,
				B30A7E701BA603910091D27D /* OnTheMap-Bridging-Header.h */,
			);
			path = "Supporting Files";
			sourceTree = "<group>";
		};
		B3DEBC611BA4AE9E00CB924B /* OnTheMapTests */ = {
			isa = PBXGroup;
			children = (
				B3DEBC621BA4AE9E00CB924B /* Supporting Files */,
				B3DEBC641BA4AE9E00CB924B /* OnTheMapTests.swift */,
			);
			path = OnTheMapTests;
			sourceTree = "<group>";
		};
		B3DEBC621BA4AE9E00CB924B /* Supporting Files */ = {
			isa = PBXGroup;
			children = (
				B3DEBC631BA4AE9E00CB924B /* Info.plist */,
			);
			path = "Supporting Files";
			sourceTree = "<group>";
		};
/* End PBXGroup section */

/* Begin PBXNativeTarget section */
		B3DEBC461BA4AE9E00CB924B /* OnTheMap */ = {
			isa = PBXNativeTarget;
			buildConfigurationList = B3DEBC681BA4AE9E00CB924B /* Build configuration list for PBXNativeTarget "OnTheMap" */;
			buildPhases = (
				B4D8E51BE98F7DC4985A0F75 /* Check Pods Manifest.lock */,
				B3DEBC431BA4AE9E00CB924B /* Sources */,
				B3DEBC441BA4AE9E00CB924B /* Frameworks */,
				B3DEBC451BA4AE9E00CB924B /* Resources */,
				10FF9376CA8F8DACAB41B73E /* Copy Pods Resources */,
			);
			buildRules = (
			);
			dependencies = (
			);
			name = OnTheMap;
			productName = OnTheMap;
			productReference = B3DEBC471BA4AE9E00CB924B /* OnTheMap.app */;
			productType = "com.apple.product-type.application";
		};
		B3DEBC5D1BA4AE9E00CB924B /* OnTheMapTests */ = {
			isa = PBXNativeTarget;
			buildConfigurationList = B3DEBC6B1BA4AE9E00CB924B /* Build configuration list for PBXNativeTarget "OnTheMapTests" */;
			buildPhases = (
				B3DEBC5A1BA4AE9E00CB924B /* Sources */,
				B3DEBC5B1BA4AE9E00CB924B /* Frameworks */,
				B3DEBC5C1BA4AE9E00CB924B /* Resources */,
			);
			buildRules = (
			);
			dependencies = (
				B3DEBC601BA4AE9E00CB924B /* PBXTargetDependency */,
			);
			name = OnTheMapTests;
			productName = OnTheMapTests;
			productReference = B3DEBC5E1BA4AE9E00CB924B /* OnTheMapTests.xctest */;
			productType = "com.apple.product-type.bundle.unit-test";
		};
/* End PBXNativeTarget section */

/* Begin PBXProject section */
		B3DEBC3F1BA4AE9E00CB924B /* Project object */ = {
			isa = PBXProject;
			attributes = {
				LastUpgradeCheck = 0640;
				ORGANIZATIONNAME = LeoPicado;
				TargetAttributes = {
					B3DEBC461BA4AE9E00CB924B = {
						CreatedOnToolsVersion = 6.4;
					};
					B3DEBC5D1BA4AE9E00CB924B = {
						CreatedOnToolsVersion = 6.4;
						TestTargetID = B3DEBC461BA4AE9E00CB924B;
					};
				};
			};
			buildConfigurationList = B3DEBC421BA4AE9E00CB924B /* Build configuration list for PBXProject "OnTheMap" */;
			compatibilityVersion = "Xcode 3.2";
			developmentRegion = English;
			hasScannedForEncodings = 0;
			knownRegions = (
				en,
				Base,
			);
			mainGroup = B3DEBC3E1BA4AE9E00CB924B;
			productRefGroup = B3DEBC481BA4AE9E00CB924B /* Products */;
			projectDirPath = "";
			projectRoot = "";
			targets = (
				B3DEBC461BA4AE9E00CB924B /* OnTheMap */,
				B3DEBC5D1BA4AE9E00CB924B /* OnTheMapTests */,
			);
		};
/* End PBXProject section */

/* Begin PBXResourcesBuildPhase section */
		B3DEBC451BA4AE9E00CB924B /* Resources */ = {
			isa = PBXResourcesBuildPhase;
			buildActionMask = 2147483647;
			files = (
				B3DEBC541BA4AE9E00CB924B /* Main.storyboard in Resources */,
				B3DEBC591BA4AE9E00CB924B /* LaunchScreen.xib in Resources */,
				B3DEBC561BA4AE9E00CB924B /* Images.xcassets in Resources */,
			);
			runOnlyForDeploymentPostprocessing = 0;
		};
		B3DEBC5C1BA4AE9E00CB924B /* Resources */ = {
			isa = PBXResourcesBuildPhase;
			buildActionMask = 2147483647;
			files = (
			);
			runOnlyForDeploymentPostprocessing = 0;
		};
/* End PBXResourcesBuildPhase section */

/* Begin PBXShellScriptBuildPhase section */
		10FF9376CA8F8DACAB41B73E /* Copy Pods Resources */ = {
			isa = PBXShellScriptBuildPhase;
			buildActionMask = 2147483647;
			files = (
			);
			inputPaths = (
			);
			name = "Copy Pods Resources";
			outputPaths = (
			);
			runOnlyForDeploymentPostprocessing = 0;
			shellPath = /bin/sh;
			shellScript = "\"${SRCROOT}/Pods/Target Support Files/Pods-OnTheMap/Pods-OnTheMap-resources.sh\"\n";
			showEnvVarsInLog = 0;
		};
		B4D8E51BE98F7DC4985A0F75 /* Check Pods Manifest.lock */ = {
			isa = PBXShellScriptBuildPhase;
			buildActionMask = 2147483647;
			files = (
			);
			inputPaths = (
			);
			name = "Check Pods Manifest.lock";
			outputPaths = (
			);
			runOnlyForDeploymentPostprocessing = 0;
			shellPath = /bin/sh;
			shellScript = "diff \"${PODS_ROOT}/../Podfile.lock\" \"${PODS_ROOT}/Manifest.lock\" > /dev/null\nif [[ $? != 0 ]] ; then\n    cat << EOM\nerror: The sandbox is not in sync with the Podfile.lock. Run 'pod install' or update your CocoaPods installation.\nEOM\n    exit 1\nfi\n";
			showEnvVarsInLog = 0;
		};
/* End PBXShellScriptBuildPhase section */

/* Begin PBXSourcesBuildPhase section */
		B3DEBC431BA4AE9E00CB924B /* Sources */ = {
			isa = PBXSourcesBuildPhase;
			buildActionMask = 2147483647;
			files = (
				B3C943461BA4B126001D42CF /* StudentLocation.swift in Sources */,
				B3DEBC511BA4AE9E00CB924B /* TableViewController.swift in Sources */,
				B329354D1BA6451200FA1A7C /* StudentMethods.swift in Sources */,
				B3C943421BA4B126001D42CF /* ParseClient.swift in Sources */,
				B3C943431BA4B126001D42CF /* UdacityClient.swift in Sources */,
				B326E99F1BAE50AD007F8F0F /* AddLocationViewController.swift in Sources */,
				B3D169A81BB135C200359C0F /* StudentLocationStore.swift in Sources */,
				B3DEBC4D1BA4AE9E00CB924B /* AppDelegate.swift in Sources */,
				B3C943411BA4B126001D42CF /* Client.swift in Sources */,
				B3DEBC4F1BA4AE9E00CB924B /* MapViewController.swift in Sources */,
				B3C943441BA4B126001D42CF /* UdacityMethods.swift in Sources */,
				B34F3E1B1BA4FE7C004B3668 /* ParseMethods.swift in Sources */,
				B3C943451BA4B126001D42CF /* Student.swift in Sources */,
				B3B3B9331BA5F14D004673AF /* LoginViewController.swift in Sources */,
			);
			runOnlyForDeploymentPostprocessing = 0;
		};
		B3DEBC5A1BA4AE9E00CB924B /* Sources */ = {
			isa = PBXSourcesBuildPhase;
			buildActionMask = 2147483647;
			files = (
				B3DEBC651BA4AE9E00CB924B /* OnTheMapTests.swift in Sources */,
			);
			runOnlyForDeploymentPostprocessing = 0;
		};
/* End PBXSourcesBuildPhase section */

/* Begin PBXTargetDependency section */
		B3DEBC601BA4AE9E00CB924B /* PBXTargetDependency */ = {
			isa = PBXTargetDependency;
			target = B3DEBC461BA4AE9E00CB924B /* OnTheMap */;
			targetProxy = B3DEBC5F1BA4AE9E00CB924B /* PBXContainerItemProxy */;
		};
/* End PBXTargetDependency section */

/* Begin PBXVariantGroup section */
		B3DEBC521BA4AE9E00CB924B /* Main.storyboard */ = {
			isa = PBXVariantGroup;
			children = (
				B3DEBC531BA4AE9E00CB924B /* Base */,
			);
			name = Main.storyboard;
			path = .;
			sourceTree = "<group>";
		};
		B3DEBC571BA4AE9E00CB924B /* LaunchScreen.xib */ = {
			isa = PBXVariantGroup;
			children = (
				B3DEBC581BA4AE9E00CB924B /* Base */,
			);
			name = LaunchScreen.xib;
			path = .;
			sourceTree = "<group>";
		};
/* End PBXVariantGroup section */

/* Begin XCBuildConfiguration section */
		B3DEBC661BA4AE9E00CB924B /* Debug */ = {
			isa = XCBuildConfiguration;
			buildSettings = {
				ALWAYS_SEARCH_USER_PATHS = NO;
				CLANG_CXX_LANGUAGE_STANDARD = "gnu++0x";
				CLANG_CXX_LIBRARY = "libc++";
				CLANG_ENABLE_MODULES = YES;
				CLANG_ENABLE_OBJC_ARC = YES;
				CLANG_WARN_BOOL_CONVERSION = YES;
				CLANG_WARN_CONSTANT_CONVERSION = YES;
				CLANG_WARN_DIRECT_OBJC_ISA_USAGE = YES_ERROR;
				CLANG_WARN_EMPTY_BODY = YES;
				CLANG_WARN_ENUM_CONVERSION = YES;
				CLANG_WARN_INT_CONVERSION = YES;
				CLANG_WARN_OBJC_ROOT_CLASS = YES_ERROR;
				CLANG_WARN_UNREACHABLE_CODE = YES;
				CLANG_WARN__DUPLICATE_METHOD_MATCH = YES;
				"CODE_SIGN_IDENTITY[sdk=iphoneos*]" = "iPhone Developer";
				COPY_PHASE_STRIP = NO;
				DEBUG_INFORMATION_FORMAT = "dwarf-with-dsym";
				ENABLE_STRICT_OBJC_MSGSEND = YES;
				GCC_C_LANGUAGE_STANDARD = gnu99;
				GCC_DYNAMIC_NO_PIC = NO;
				GCC_NO_COMMON_BLOCKS = YES;
				GCC_OPTIMIZATION_LEVEL = 0;
				GCC_PREPROCESSOR_DEFINITIONS = (
					"DEBUG=1",
					"$(inherited)",
				);
				GCC_SYMBOLS_PRIVATE_EXTERN = NO;
				GCC_WARN_64_TO_32_BIT_CONVERSION = YES;
				GCC_WARN_ABOUT_RETURN_TYPE = YES_ERROR;
				GCC_WARN_UNDECLARED_SELECTOR = YES;
				GCC_WARN_UNINITIALIZED_AUTOS = YES_AGGRESSIVE;
				GCC_WARN_UNUSED_FUNCTION = YES;
				GCC_WARN_UNUSED_VARIABLE = YES;
				IPHONEOS_DEPLOYMENT_TARGET = 8.4;
				MTL_ENABLE_DEBUG_INFO = YES;
				ONLY_ACTIVE_ARCH = YES;
				SDKROOT = iphoneos;
				SWIFT_OPTIMIZATION_LEVEL = "-Onone";
			};
			name = Debug;
		};
		B3DEBC671BA4AE9E00CB924B /* Release */ = {
			isa = XCBuildConfiguration;
			buildSettings = {
				ALWAYS_SEARCH_USER_PATHS = NO;
				CLANG_CXX_LANGUAGE_STANDARD = "gnu++0x";
				CLANG_CXX_LIBRARY = "libc++";
				CLANG_ENABLE_MODULES = YES;
				CLANG_ENABLE_OBJC_ARC = YES;
				CLANG_WARN_BOOL_CONVERSION = YES;
				CLANG_WARN_CONSTANT_CONVERSION = YES;
				CLANG_WARN_DIRECT_OBJC_ISA_USAGE = YES_ERROR;
				CLANG_WARN_EMPTY_BODY = YES;
				CLANG_WARN_ENUM_CONVERSION = YES;
				CLANG_WARN_INT_CONVERSION = YES;
				CLANG_WARN_OBJC_ROOT_CLASS = YES_ERROR;
				CLANG_WARN_UNREACHABLE_CODE = YES;
				CLANG_WARN__DUPLICATE_METHOD_MATCH = YES;
				"CODE_SIGN_IDENTITY[sdk=iphoneos*]" = "iPhone Developer";
				COPY_PHASE_STRIP = NO;
				DEBUG_INFORMATION_FORMAT = "dwarf-with-dsym";
				ENABLE_NS_ASSERTIONS = NO;
				ENABLE_STRICT_OBJC_MSGSEND = YES;
				GCC_C_LANGUAGE_STANDARD = gnu99;
				GCC_NO_COMMON_BLOCKS = YES;
				GCC_WARN_64_TO_32_BIT_CONVERSION = YES;
				GCC_WARN_ABOUT_RETURN_TYPE = YES_ERROR;
				GCC_WARN_UNDECLARED_SELECTOR = YES;
				GCC_WARN_UNINITIALIZED_AUTOS = YES_AGGRESSIVE;
				GCC_WARN_UNUSED_FUNCTION = YES;
				GCC_WARN_UNUSED_VARIABLE = YES;
				IPHONEOS_DEPLOYMENT_TARGET = 8.4;
				MTL_ENABLE_DEBUG_INFO = NO;
				SDKROOT = iphoneos;
				VALIDATE_PRODUCT = YES;
			};
			name = Release;
		};
		B3DEBC691BA4AE9E00CB924B /* Debug */ = {
			isa = XCBuildConfiguration;
			baseConfigurationReference = 1BC67F55DDE7C22DB3116DEE /* Pods-OnTheMap.debug.xcconfig */;
			buildSettings = {
				ASSETCATALOG_COMPILER_APPICON_NAME = AppIcon;
				INFOPLIST_FILE = "OnTheMap/Supporting Files/Info.plist";
				LD_RUNPATH_SEARCH_PATHS = "$(inherited) @executable_path/Frameworks";
				PRODUCT_NAME = "$(TARGET_NAME)";
				SWIFT_OBJC_BRIDGING_HEADER = "OnTheMap/Supporting Files/OnTheMap-Bridging-Header.h";
			};
			name = Debug;
		};
		B3DEBC6A1BA4AE9E00CB924B /* Release */ = {
			isa = XCBuildConfiguration;
			baseConfigurationReference = 5F34FF16B4BCA2BB57A36554 /* Pods-OnTheMap.release.xcconfig */;
			buildSettings = {
				ASSETCATALOG_COMPILER_APPICON_NAME = AppIcon;
				INFOPLIST_FILE = "OnTheMap/Supporting Files/Info.plist";
				LD_RUNPATH_SEARCH_PATHS = "$(inherited) @executable_path/Frameworks";
				PRODUCT_NAME = "$(TARGET_NAME)";
				SWIFT_OBJC_BRIDGING_HEADER = "OnTheMap/Supporting Files/OnTheMap-Bridging-Header.h";
			};
			name = Release;
		};
		B3DEBC6C1BA4AE9E00CB924B /* Debug */ = {
			isa = XCBuildConfiguration;
			buildSettings = {
				BUNDLE_LOADER = "$(TEST_HOST)";
				FRAMEWORK_SEARCH_PATHS = (
					"$(SDKROOT)/Developer/Library/Frameworks",
					"$(inherited)",
				);
				GCC_PREPROCESSOR_DEFINITIONS = (
					"DEBUG=1",
					"$(inherited)",
				);
				INFOPLIST_FILE = "OnTheMapTests/Supporting Files/Info.plist";
				LD_RUNPATH_SEARCH_PATHS = "$(inherited) @executable_path/Frameworks @loader_path/Frameworks";
				PRODUCT_NAME = "$(TARGET_NAME)";
				TEST_HOST = "$(BUILT_PRODUCTS_DIR)/OnTheMap.app/OnTheMap";
			};
			name = Debug;
		};
		B3DEBC6D1BA4AE9E00CB924B /* Release */ = {
			isa = XCBuildConfiguration;
			buildSettings = {
				BUNDLE_LOADER = "$(TEST_HOST)";
				FRAMEWORK_SEARCH_PATHS = (
					"$(SDKROOT)/Developer/Library/Frameworks",
					"$(inherited)",
				);
				INFOPLIST_FILE = "OnTheMapTests/Supporting Files/Info.plist";
				LD_RUNPATH_SEARCH_PATHS = "$(inherited) @executable_path/Frameworks @loader_path/Frameworks";
				PRODUCT_NAME = "$(TARGET_NAME)";
				TEST_HOST = "$(BUILT_PRODUCTS_DIR)/OnTheMap.app/OnTheMap";
			};
			name = Release;
		};
/* End XCBuildConfiguration section */

/* Begin XCConfigurationList section */
		B3DEBC421BA4AE9E00CB924B /* Build configuration list for PBXProject "OnTheMap" */ = {
			isa = XCConfigurationList;
			buildConfigurations = (
				B3DEBC661BA4AE9E00CB924B /* Debug */,
				B3DEBC671BA4AE9E00CB924B /* Release */,
			);
			defaultConfigurationIsVisible = 0;
			defaultConfigurationName = Release;
		};
		B3DEBC681BA4AE9E00CB924B /* Build configuration list for PBXNativeTarget "OnTheMap" */ = {
			isa = XCConfigurationList;
			buildConfigurations = (
				B3DEBC691BA4AE9E00CB924B /* Debug */,
				B3DEBC6A1BA4AE9E00CB924B /* Release */,
			);
			defaultConfigurationIsVisible = 0;
			defaultConfigurationName = Release;
		};
		B3DEBC6B1BA4AE9E00CB924B /* Build configuration list for PBXNativeTarget "OnTheMapTests" */ = {
			isa = XCConfigurationList;
			buildConfigurations = (
				B3DEBC6C1BA4AE9E00CB924B /* Debug */,
				B3DEBC6D1BA4AE9E00CB924B /* Release */,
			);
			defaultConfigurationIsVisible = 0;
			defaultConfigurationName = Release;
		};
/* End XCConfigurationList section */
	};
	rootObject = B3DEBC3F1BA4AE9E00CB924B /* Project object */;
}
